
Microsoft Visual Studio Solution File, Format Version 12.00
# Visual Studio 15
VisualStudioVersion = 15.0.27703.2035
MinimumVisualStudioVersion = 10.0.40219.1
Project("{FAE04EC0-301F-11D3-BF4B-00C04F79EFBC}") = "CameraApp.Android", "CameraApp\CameraApp.Android\CameraApp.Android.csproj", "{54668338-E93C-418B-850A-4C6E59E72209}"
EndProject
Project("{FAE04EC0-301F-11D3-BF4B-00C04F79EFBC}") = "CameraApp.iOS", "CameraApp\CameraApp.iOS\CameraApp.iOS.csproj", "{1CF92324-847B-4C86-806D-4EBA8CC88F71}"
EndProject
Project("{D954291E-2A0B-460D-934E-DC6B0785DB48}") = "CameraApp", "CameraApp\CameraApp\CameraApp.shproj", "{EABD99E6-4B6D-4567-84DF-C17ED2B3E671}"
EndProject
Global
	GlobalSection(SharedMSBuildProjectFiles) = preSolution
		CameraApp\CameraApp\CameraApp.projitems*{1cf92324-847b-4c86-806d-4eba8cc88f71}*SharedItemsImports = 4
		CameraApp\CameraApp\CameraApp.projitems*{54668338-e93c-418b-850a-4c6e59e72209}*SharedItemsImports = 4
		CameraApp\CameraApp\CameraApp.projitems*{eabd99e6-4b6d-4567-84df-c17ed2b3e671}*SharedItemsImports = 13
	EndGlobalSection
	GlobalSection(SolutionConfigurationPlatforms) = preSolution
		Ad-Hoc|Any CPU = Ad-Hoc|Any CPU
		Ad-Hoc|iPhone = Ad-Hoc|iPhone
		Ad-Hoc|iPhoneSimulator = Ad-Hoc|iPhoneSimulator
		AppStore|Any CPU = AppStore|Any CPU
		AppStore|iPhone = AppStore|iPhone
		AppStore|iPhoneSimulator = AppStore|iPhoneSimulator
		Debug|Any CPU = Debug|Any CPU
		Debug|iPhone = Debug|iPhone
		Debug|iPhoneSimulator = Debug|iPhoneSimulator
		Release|Any CPU = Release|Any CPU
		Release|iPhone = Release|iPhone
		Release|iPhoneSimulator = Release|iPhoneSimulator
	EndGlobalSection
	GlobalSection(ProjectConfigurationPlatforms) = postSolution
		{54668338-E93C-418B-850A-4C6E59E72209}.Ad-Hoc|Any CPU.ActiveCfg = Release|Any CPU
		{54668338-E93C-418B-850A-4C6E59E72209}.Ad-Hoc|Any CPU.Build.0 = Release|Any CPU
		{54668338-E93C-418B-850A-4C6E59E72209}.Ad-Hoc|Any CPU.Deploy.0 = Release|Any CPU
		{54668338-E93C-418B-850A-4C6E59E72209}.Ad-Hoc|iPhone.ActiveCfg = Release|Any CPU
		{54668338-E93C-418B-850A-4C6E59E72209}.Ad-Hoc|iPhone.Build.0 = Release|Any CPU
		{54668338-E93C-418B-850A-4C6E59E72209}.Ad-Hoc|iPhone.Deploy.0 = Release|Any CPU
		{54668338-E93C-418B-850A-4C6E59E72209}.Ad-Hoc|iPhoneSimulator.ActiveCfg = Release|Any CPU
		{54668338-E93C-418B-850A-4C6E59E72209}.Ad-Hoc|iPhoneSimulator.Build.0 = Release|Any CPU
		{54668338-E93C-418B-850A-4C6E59E72209}.Ad-Hoc|iPhoneSimulator.Deploy.0 = Release|Any CPU
		{54668338-E93C-418B-850A-4C6E59E72209}.AppStore|Any CPU.ActiveCfg = Release|Any CPU
		{54668338-E93C-418B-850A-4C6E59E72209}.AppStore|Any CPU.Build.0 = Release|Any CPU
		{54668338-E93C-418B-850A-4C6E59E72209}.AppStore|Any CPU.Deploy.0 = Release|Any CPU
		{54668338-E93C-418B-850A-4C6E59E72209}.AppStore|iPhone.ActiveCfg = Release|Any CPU
		{54668338-E93C-418B-850A-4C6E59E72209}.AppStore|iPhone.Build.0 = Release|Any CPU
		{54668338-E93C-418B-850A-4C6E59E72209}.AppStore|iPhone.Deploy.0 = Release|Any CPU
		{54668338-E93C-418B-850A-4C6E59E72209}.AppStore|iPhoneSimulator.ActiveCfg = Release|Any CPU
		{54668338-E93C-418B-850A-4C6E59E72209}.AppStore|iPhoneSimulator.Build.0 = Release|Any CPU
		{54668338-E93C-418B-850A-4C6E59E72209}.AppStore|iPhoneSimulator.Deploy.0 = Release|Any CPU
		{54668338-E93C-418B-850A-4C6E59E72209}.Debug|Any CPU.ActiveCfg = Debug|Any CPU
		{54668338-E93C-418B-850A-4C6E59E72209}.Debug|Any CPU.Build.0 = Debug|Any CPU
		{54668338-E93C-418B-850A-4C6E59E72209}.Debug|Any CPU.Deploy.0 = Debug|Any CPU
		{54668338-E93C-418B-850A-4C6E59E72209}.Debug|iPhone.ActiveCfg = Debug|Any CPU
		{54668338-E93C-418B-850A-4C6E59E72209}.Debug|iPhone.Build.0 = Debug|Any CPU
		{54668338-E93C-418B-850A-4C6E59E72209}.Debug|iPhone.Deploy.0 = Debug|Any CPU
		{54668338-E93C-418B-850A-4C6E59E72209}.Debug|iPhoneSimulator.ActiveCfg = Debug|Any CPU
		{54668338-E93C-418B-850A-4C6E59E72209}.Debug|iPhoneSimulator.Build.0 = Debug|Any CPU
		{54668338-E93C-418B-850A-4C6E59E72209}.Debug|iPhoneSimulator.Deploy.0 = Debug|Any CPU
		{54668338-E93C-418B-850A-4C6E59E72209}.Release|Any CPU.ActiveCfg = Release|Any CPU
		{54668338-E93C-418B-850A-4C6E59E72209}.Release|Any CPU.Build.0 = Release|Any CPU
		{54668338-E93C-418B-850A-4C6E59E72209}.Release|Any CPU.Deploy.0 = Release|Any CPU
		{54668338-E93C-418B-850A-4C6E59E72209}.Release|iPhone.ActiveCfg = Release|Any CPU
		{54668338-E93C-418B-850A-4C6E59E72209}.Release|iPhone.Build.0 = Release|Any CPU
		{54668338-E93C-418B-850A-4C6E59E72209}.Release|iPhone.Deploy.0 = Release|Any CPU
		{54668338-E93C-418B-850A-4C6E59E72209}.Release|iPhoneSimulator.ActiveCfg = Release|Any CPU
		{54668338-E93C-418B-850A-4C6E59E72209}.Release|iPhoneSimulator.Build.0 = Release|Any CPU
		{54668338-E93C-418B-850A-4C6E59E72209}.Release|iPhoneSimulator.Deploy.0 = Release|Any CPU
		{1CF92324-847B-4C86-806D-4EBA8CC88F71}.Ad-Hoc|Any CPU.ActiveCfg = Ad-Hoc|iPhone
		{1CF92324-847B-4C86-806D-4EBA8CC88F71}.Ad-Hoc|Any CPU.Build.0 = Ad-Hoc|iPhone
		{1CF92324-847B-4C86-806D-4EBA8CC88F71}.Ad-Hoc|Any CPU.Deploy.0 = Ad-Hoc|iPhone
		{1CF92324-847B-4C86-806D-4EBA8CC88F71}.Ad-Hoc|iPhone.ActiveCfg = Ad-Hoc|iPhone
		{1CF92324-847B-4C86-806D-4EBA8CC88F71}.Ad-Hoc|iPhone.Build.0 = Ad-Hoc|iPhone
		{1CF92324-847B-4C86-806D-4EBA8CC88F71}.Ad-Hoc|iPhone.Deploy.0 = Ad-Hoc|iPhone
		{1CF92324-847B-4C86-806D-4EBA8CC88F71}.Ad-Hoc|iPhoneSimulator.ActiveCfg = Ad-Hoc|iPhoneSimulator
		{1CF92324-847B-4C86-806D-4EBA8CC88F71}.Ad-Hoc|iPhoneSimulator.Build.0 = Ad-Hoc|iPhoneSimulator
		{1CF92324-847B-4C86-806D-4EBA8CC88F71}.Ad-Hoc|iPhoneSimulator.Deploy.0 = Ad-Hoc|iPhoneSimulator
		{1CF92324-847B-4C86-806D-4EBA8CC88F71}.AppStore|Any CPU.ActiveCfg = AppStore|iPhone
		{1CF92324-847B-4C86-806D-4EBA8CC88F71}.AppStore|Any CPU.Build.0 = AppStore|iPhone
		{1CF92324-847B-4C86-806D-4EBA8CC88F71}.AppStore|Any CPU.Deploy.0 = AppStore|iPhone
		{1CF92324-847B-4C86-806D-4EBA8CC88F71}.AppStore|iPhone.ActiveCfg = AppStore|iPhone
		{1CF92324-847B-4C86-806D-4EBA8CC88F71}.AppStore|iPhone.Build.0 = AppStore|iPhone
		{1CF92324-847B-4C86-806D-4EBA8CC88F71}.AppStore|iPhone.Deploy.0 = AppStore|iPhone
		{1CF92324-847B-4C86-806D-4EBA8CC88F71}.AppStore|iPhoneSimulator.ActiveCfg = AppStore|iPhoneSimulator
		{1CF92324-847B-4C86-806D-4EBA8CC88F71}.AppStore|iPhoneSimulator.Build.0 = AppStore|iPhoneSimulator
		{1CF92324-847B-4C86-806D-4EBA8CC88F71}.AppStore|iPhoneSimulator.Deploy.0 = AppStore|iPhoneSimulator
		{1CF92324-847B-4C86-806D-4EBA8CC88F71}.Debug|Any CPU.ActiveCfg = Debug|iPhoneSimulator
		{1CF92324-847B-4C86-806D-4EBA8CC88F71}.Debug|Any CPU.Build.0 = Debug|iPhoneSimulator
		{1CF92324-847B-4C86-806D-4EBA8CC88F71}.Debug|Any CPU.Deploy.0 = Debug|iPhoneSimulator
		{1CF92324-847B-4C86-806D-4EBA8CC88F71}.Debug|iPhone.ActiveCfg = Debug|iPhone
		{1CF92324-847B-4C86-806D-4EBA8CC88F71}.Debug|iPhone.Build.0 = Debug|iPhone
		{1CF92324-847B-4C86-806D-4EBA8CC88F71}.Debug|iPhone.Deploy.0 = Debug|iPhone
		{1CF92324-847B-4C86-806D-4EBA8CC88F71}.Debug|iPhoneSimulator.ActiveCfg = Debug|iPhoneSimulator
		{1CF92324-847B-4C86-806D-4EBA8CC88F71}.Debug|iPhoneSimulator.Build.0 = Debug|iPhoneSimulator
		{1CF92324-847B-4C86-806D-4EBA8CC88F71}.Debug|iPhoneSimulator.Deploy.0 = Debug|iPhoneSimulator
		{1CF92324-847B-4C86-806D-4EBA8CC88F71}.Release|Any CPU.ActiveCfg = Release|iPhone
		{1CF92324-847B-4C86-806D-4EBA8CC88F71}.Release|Any CPU.Build.0 = Release|iPhone
		{1CF92324-847B-4C86-806D-4EBA8CC88F71}.Release|Any CPU.Deploy.0 = Release|iPhone
		{1CF92324-847B-4C86-806D-4EBA8CC88F71}.Release|iPhone.ActiveCfg = Release|iPhone
		{1CF92324-847B-4C86-806D-4EBA8CC88F71}.Release|iPhone.Build.0 = Release|iPhone
		{1CF92324-847B-4C86-806D-4EBA8CC88F71}.Release|iPhone.Deploy.0 = Release|iPhone
		{1CF92324-847B-4C86-806D-4EBA8CC88F71}.Release|iPhoneSimulator.ActiveCfg = Release|iPhoneSimulator
		{1CF92324-847B-4C86-806D-4EBA8CC88F71}.Release|iPhoneSimulator.Build.0 = Release|iPhoneSimulator
		{1CF92324-847B-4C86-806D-4EBA8CC88F71}.Release|iPhoneSimulator.Deploy.0 = Release|iPhoneSimulator
	EndGlobalSection
	GlobalSection(SolutionProperties) = preSolution
		HideSolutionNode = FALSE
	EndGlobalSection
	GlobalSection(ExtensibilityGlobals) = postSolution
		SolutionGuid = {BAEC2CA8-552D-482B-8871-2FFF3B926302}
	EndGlobalSection
EndGlobal
